// !$*UTF8*$!
{
	archiveVersion = 1;
	classes = {
	};
	objectVersion = 46;
	objects = {

/* Begin PBXBuildFile section */
		5C9510EA1D6DD2FC009A6809 /* main.m in Sources */ = {isa = PBXBuildFile; fileRef = 5C9510E91D6DD2FC009A6809 /* main.m */; };
		5C9510ED1D6DD2FC009A6809 /* AppDelegate.m in Sources */ = {isa = PBXBuildFile; fileRef = 5C9510EC1D6DD2FC009A6809 /* AppDelegate.m */; };
		5C9510F51D6DD2FC009A6809 /* Assets.xcassets in Resources */ = {isa = PBXBuildFile; fileRef = 5C9510F41D6DD2FC009A6809 /* Assets.xcassets */; };
		5C9510F81D6DD2FC009A6809 /* LaunchScreen.storyboard in Resources */ = {isa = PBXBuildFile; fileRef = 5C9510F61D6DD2FC009A6809 /* LaunchScreen.storyboard */; };
		5C9511031D6DD2FC009A6809 /* LXScrollerChildVCTests.m in Sources */ = {isa = PBXBuildFile; fileRef = 5C9511021D6DD2FC009A6809 /* LXScrollerChildVCTests.m */; };
		5C95110E1D6DD2FC009A6809 /* LXScrollerChildVCUITests.m in Sources */ = {isa = PBXBuildFile; fileRef = 5C95110D1D6DD2FC009A6809 /* LXScrollerChildVCUITests.m */; };
		5C9511291D6DD326009A6809 /* OneDetailController.m in Sources */ = {isa = PBXBuildFile; fileRef = 5C95111C1D6DD326009A6809 /* OneDetailController.m */; };
		5C95112A1D6DD326009A6809 /* RootViewController.m in Sources */ = {isa = PBXBuildFile; fileRef = 5C95111E1D6DD326009A6809 /* RootViewController.m */; };
		5C95112B1D6DD326009A6809 /* ChildBaseController.m in Sources */ = {isa = PBXBuildFile; fileRef = 5C9511211D6DD326009A6809 /* ChildBaseController.m */; };
		5C95112C1D6DD326009A6809 /* ScrollerChildsController.m in Sources */ = {isa = PBXBuildFile; fileRef = 5C9511241D6DD326009A6809 /* ScrollerChildsController.m */; };
		5C95112D1D6DD326009A6809 /* UIView+Extension.m in Sources */ = {isa = PBXBuildFile; fileRef = 5C9511261D6DD326009A6809 /* UIView+Extension.m */; };
		5C95112E1D6DD326009A6809 /* TwoDetailController.m in Sources */ = {isa = PBXBuildFile; fileRef = 5C9511281D6DD326009A6809 /* TwoDetailController.m */; };
/* End PBXBuildFile section */

/* Begin PBXContainerItemProxy section */
		5C9510FF1D6DD2FC009A6809 /* PBXContainerItemProxy */ = {
			isa = PBXContainerItemProxy;
			containerPortal = 5C9510DD1D6DD2FC009A6809 /* Project object */;
			proxyType = 1;
			remoteGlobalIDString = 5C9510E41D6DD2FC009A6809;
			remoteInfo = LXScrollerChildVC;
		};
		5C95110A1D6DD2FC009A6809 /* PBXContainerItemProxy */ = {
			isa = PBXContainerItemProxy;
			containerPortal = 5C9510DD1D6DD2FC009A6809 /* Project object */;
			proxyType = 1;
			remoteGlobalIDString = 5C9510E41D6DD2FC009A6809;
			remoteInfo = LXScrollerChildVC;
		};
/* End PBXContainerItemProxy section */

/* Begin PBXFileReference section */
		5C9510E51D6DD2FC009A6809 /* LXScrollerChildVC.app */ = {isa = PBXFileReference; explicitFileType = wrapper.application; includeInIndex = 0; path = LXScrollerChildVC.app; sourceTree = BUILT_PRODUCTS_DIR; };
		5C9510E91D6DD2FC009A6809 /* main.m */ = {isa = PBXFileReference; lastKnownFileType = sourcecode.c.objc; path = main.m; sourceTree = "<group>"; };
		5C9510EB1D6DD2FC009A6809 /* AppDelegate.h */ = {isa = PBXFileReference; lastKnownFileType = sourcecode.c.h; path = AppDelegate.h; sourceTree = "<group>"; };
		5C9510EC1D6DD2FC009A6809 /* AppDelegate.m */ = {isa = PBXFileReference; lastKnownFileType = sourcecode.c.objc; path = AppDelegate.m; sourceTree = "<group>"; };
		5C9510F41D6DD2FC009A6809 /* Assets.xcassets */ = {isa = PBXFileReference; lastKnownFileType = folder.assetcatalog; path = Assets.xcassets; sourceTree = "<group>"; };
		5C9510F71D6DD2FC009A6809 /* Base */ = {isa = PBXFileReference; lastKnownFileType = file.storyboard; name = Base; path = Base.lproj/LaunchScreen.storyboard; sourceTree = "<group>"; };
		5C9510F91D6DD2FC009A6809 /* Info.plist */ = {isa = PBXFileReference; lastKnownFileType = text.plist.xml; path = Info.plist; sourceTree = "<group>"; };
		5C9510FE1D6DD2FC009A6809 /* LXScrollerChildVCTests.xctest */ = {isa = PBXFileReference; explicitFileType = wrapper.cfbundle; includeInIndex = 0; path = LXScrollerChildVCTests.xctest; sourceTree = BUILT_PRODUCTS_DIR; };
		5C9511021D6DD2FC009A6809 /* LXScrollerChildVCTests.m */ = {isa = PBXFileReference; lastKnownFileType = sourcecode.c.objc; path = LXScrollerChildVCTests.m; sourceTree = "<group>"; };
		5C9511041D6DD2FC009A6809 /* Info.plist */ = {isa = PBXFileReference; lastKnownFileType = text.plist.xml; path = Info.plist; sourceTree = "<group>"; };
		5C9511091D6DD2FC009A6809 /* LXScrollerChildVCUITests.xctest */ = {isa = PBXFileReference; explicitFileType = wrapper.cfbundle; includeInIndex = 0; path = LXScrollerChildVCUITests.xctest; sourceTree = BUILT_PRODUCTS_DIR; };
		5C95110D1D6DD2FC009A6809 /* LXScrollerChildVCUITests.m */ = {isa = PBXFileReference; lastKnownFileType = sourcecode.c.objc; path = LXScrollerChildVCUITests.m; sourceTree = "<group>"; };
		5C95110F1D6DD2FC009A6809 /* Info.plist */ = {isa = PBXFileReference; lastKnownFileType = text.plist.xml; path = Info.plist; sourceTree = "<group>"; };
		5C95111B1D6DD326009A6809 /* OneDetailController.h */ = {isa = PBXFileReference; fileEncoding = 4; lastKnownFileType = sourcecode.c.h; path = OneDetailController.h; sourceTree = "<group>"; };
		5C95111C1D6DD326009A6809 /* OneDetailController.m */ = {isa = PBXFileReference; fileEncoding = 4; lastKnownFileType = sourcecode.c.objc; path = OneDetailController.m; sourceTree = "<group>"; };
		5C95111D1D6DD326009A6809 /* RootViewController.h */ = {isa = PBXFileReference; fileEncoding = 4; lastKnownFileType = sourcecode.c.h; path = RootViewController.h; sourceTree = "<group>"; };
		5C95111E1D6DD326009A6809 /* RootViewController.m */ = {isa = PBXFileReference; fileEncoding = 4; lastKnownFileType = sourcecode.c.objc; path = RootViewController.m; sourceTree = "<group>"; };
		5C9511201D6DD326009A6809 /* ChildBaseController.h */ = {isa = PBXFileReference; fileEncoding = 4; lastKnownFileType = sourcecode.c.h; path = ChildBaseController.h; sourceTree = "<group>"; };
		5C9511211D6DD326009A6809 /* ChildBaseController.m */ = {isa = PBXFileReference; fileEncoding = 4; lastKnownFileType = sourcecode.c.objc; path = ChildBaseController.m; sourceTree = "<group>"; };
		5C9511221D6DD326009A6809 /* ScrollChildHeader.h */ = {isa = PBXFileReference; fileEncoding = 4; lastKnownFileType = sourcecode.c.h; path = ScrollChildHeader.h; sourceTree = "<group>"; };
		5C9511231D6DD326009A6809 /* ScrollerChildsController.h */ = {isa = PBXFileReference; fileEncoding = 4; lastKnownFileType = sourcecode.c.h; path = ScrollerChildsController.h; sourceTree = "<group>"; };
		5C9511241D6DD326009A6809 /* ScrollerChildsController.m */ = {isa = PBXFileReference; fileEncoding = 4; lastKnownFileType = sourcecode.c.objc; path = ScrollerChildsController.m; sourceTree = "<group>"; };
		5C9511251D6DD326009A6809 /* UIView+Extension.h */ = {isa = PBXFileReference; fileEncoding = 4; lastKnownFileType = sourcecode.c.h; path = "UIView+Extension.h"; sourceTree = "<group>"; };
		5C9511261D6DD326009A6809 /* UIView+Extension.m */ = {isa = PBXFileReference; fileEncoding = 4; lastKnownFileType = sourcecode.c.objc; path = "UIView+Extension.m"; sourceTree = "<group>"; };
		5C9511271D6DD326009A6809 /* TwoDetailController.h */ = {isa = PBXFileReference; fileEncoding = 4; lastKnownFileType = sourcecode.c.h; path = TwoDetailController.h; sourceTree = "<group>"; };
		5C9511281D6DD326009A6809 /* TwoDetailController.m */ = {isa = PBXFileReference; fileEncoding = 4; lastKnownFileType = sourcecode.c.objc; path = TwoDetailController.m; sourceTree = "<group>"; };
/* End PBXFileReference section */

/* Begin PBXFrameworksBuildPhase section */
		5C9510E21D6DD2FC009A6809 /* Frameworks */ = {
			isa = PBXFrameworksBuildPhase;
			buildActionMask = 2147483647;
			files = (
			);
			runOnlyForDeploymentPostprocessing = 0;
		};
		5C9510FB1D6DD2FC009A6809 /* Frameworks */ = {
			isa = PBXFrameworksBuildPhase;
			buildActionMask = 2147483647;
			files = (
			);
			runOnlyForDeploymentPostprocessing = 0;
		};
		5C9511061D6DD2FC009A6809 /* Frameworks */ = {
			isa = PBXFrameworksBuildPhase;
			buildActionMask = 2147483647;
			files = (
			);
			runOnlyForDeploymentPostprocessing = 0;
		};
/* End PBXFrameworksBuildPhase section */

/* Begin PBXGroup section */
		5C9510DC1D6DD2FC009A6809 = {
			isa = PBXGroup;
			children = (
				5C9510E71D6DD2FC009A6809 /* LXScrollerChildVC */,
				5C9511011D6DD2FC009A6809 /* LXScrollerChildVCTests */,
				5C95110C1D6DD2FC009A6809 /* LXScrollerChildVCUITests */,
				5C9510E61D6DD2FC009A6809 /* Products */,
			);
			sourceTree = "<group>";
		};
		5C9510E61D6DD2FC009A6809 /* Products */ = {
			isa = PBXGroup;
			children = (
				5C9510E51D6DD2FC009A6809 /* LXScrollerChildVC.app */,
				5C9510FE1D6DD2FC009A6809 /* LXScrollerChildVCTests.xctest */,
				5C9511091D6DD2FC009A6809 /* LXScrollerChildVCUITests.xctest */,
			);
			name = Products;
			sourceTree = "<group>";
		};
		5C9510E71D6DD2FC009A6809 /* LXScrollerChildVC */ = {
			isa = PBXGroup;
			children = (
				5C95111F1D6DD326009A6809 /* ScrollerChildVCs */,
				5C9510EB1D6DD2FC009A6809 /* AppDelegate.h */,
				5C9510EC1D6DD2FC009A6809 /* AppDelegate.m */,
				5C95111B1D6DD326009A6809 /* OneDetailController.h */,
				5C95111C1D6DD326009A6809 /* OneDetailController.m */,
				5C95111D1D6DD326009A6809 /* RootViewController.h */,
				5C95111E1D6DD326009A6809 /* RootViewController.m */,
				5C9511271D6DD326009A6809 /* TwoDetailController.h */,
				5C9511281D6DD326009A6809 /* TwoDetailController.m */,
				5C9510F41D6DD2FC009A6809 /* Assets.xcassets */,
				5C9510F61D6DD2FC009A6809 /* LaunchScreen.storyboard */,
				5C9510F91D6DD2FC009A6809 /* Info.plist */,
				5C9510E81D6DD2FC009A6809 /* Supporting Files */,
			);
			path = LXScrollerChildVC;
			sourceTree = "<group>";
		};
		5C9510E81D6DD2FC009A6809 /* Supporting Files */ = {
			isa = PBXGroup;
			children = (
				5C9510E91D6DD2FC009A6809 /* main.m */,
			);
			name = "Supporting Files";
			sourceTree = "<group>";
		};
		5C9511011D6DD2FC009A6809 /* LXScrollerChildVCTests */ = {
			isa = PBXGroup;
			children = (
				5C9511021D6DD2FC009A6809 /* LXScrollerChildVCTests.m */,
				5C9511041D6DD2FC009A6809 /* Info.plist */,
			);
			path = LXScrollerChildVCTests;
			sourceTree = "<group>";
		};
		5C95110C1D6DD2FC009A6809 /* LXScrollerChildVCUITests */ = {
			isa = PBXGroup;
			children = (
				5C95110D1D6DD2FC009A6809 /* LXScrollerChildVCUITests.m */,
				5C95110F1D6DD2FC009A6809 /* Info.plist */,
			);
			path = LXScrollerChildVCUITests;
			sourceTree = "<group>";
		};
		5C95111F1D6DD326009A6809 /* ScrollerChildVCs */ = {
			isa = PBXGroup;
			children = (
				5C9511201D6DD326009A6809 /* ChildBaseController.h */,
				5C9511211D6DD326009A6809 /* ChildBaseController.m */,
				5C9511221D6DD326009A6809 /* ScrollChildHeader.h */,
				5C9511231D6DD326009A6809 /* ScrollerChildsController.h */,
				5C9511241D6DD326009A6809 /* ScrollerChildsController.m */,
				5C9511251D6DD326009A6809 /* UIView+Extension.h */,
				5C9511261D6DD326009A6809 /* UIView+Extension.m */,
			);
			path = ScrollerChildVCs;
			sourceTree = "<group>";
		};
/* End PBXGroup section */

/* Begin PBXNativeTarget section */
		5C9510E41D6DD2FC009A6809 /* LXScrollerChildVC */ = {
			isa = PBXNativeTarget;
			buildConfigurationList = 5C9511121D6DD2FC009A6809 /* Build configuration list for PBXNativeTarget "LXScrollerChildVC" */;
			buildPhases = (
				5C9510E11D6DD2FC009A6809 /* Sources */,
				5C9510E21D6DD2FC009A6809 /* Frameworks */,
				5C9510E31D6DD2FC009A6809 /* Resources */,
			);
			buildRules = (
			);
			dependencies = (
			);
			name = LXScrollerChildVC;
			productName = LXScrollerChildVC;
			productReference = 5C9510E51D6DD2FC009A6809 /* LXScrollerChildVC.app */;
			productType = "com.apple.product-type.application";
		};
		5C9510FD1D6DD2FC009A6809 /* LXScrollerChildVCTests */ = {
			isa = PBXNativeTarget;
			buildConfigurationList = 5C9511151D6DD2FC009A6809 /* Build configuration list for PBXNativeTarget "LXScrollerChildVCTests" */;
			buildPhases = (
				5C9510FA1D6DD2FC009A6809 /* Sources */,
				5C9510FB1D6DD2FC009A6809 /* Frameworks */,
				5C9510FC1D6DD2FC009A6809 /* Resources */,
			);
			buildRules = (
			);
			dependencies = (
				5C9511001D6DD2FC009A6809 /* PBXTargetDependency */,
			);
			name = LXScrollerChildVCTests;
			productName = LXScrollerChildVCTests;
			productReference = 5C9510FE1D6DD2FC009A6809 /* LXScrollerChildVCTests.xctest */;
			productType = "com.apple.product-type.bundle.unit-test";
		};
		5C9511081D6DD2FC009A6809 /* LXScrollerChildVCUITests */ = {
			isa = PBXNativeTarget;
			buildConfigurationList = 5C9511181D6DD2FC009A6809 /* Build configuration list for PBXNativeTarget "LXScrollerChildVCUITests" */;
			buildPhases = (
				5C9511051D6DD2FC009A6809 /* Sources */,
				5C9511061D6DD2FC009A6809 /* Frameworks */,
				5C9511071D6DD2FC009A6809 /* Resources */,
			);
			buildRules = (
			);
			dependencies = (
				5C95110B1D6DD2FC009A6809 /* PBXTargetDependency */,
			);
			name = LXScrollerChildVCUITests;
			productName = LXScrollerChildVCUITests;
			productReference = 5C9511091D6DD2FC009A6809 /* LXScrollerChildVCUITests.xctest */;
			productType = "com.apple.product-type.bundle.ui-testing";
		};
/* End PBXNativeTarget section */

/* Begin PBXProject section */
		5C9510DD1D6DD2FC009A6809 /* Project object */ = {
			isa = PBXProject;
			attributes = {
				LastUpgradeCheck = 0730;
				ORGANIZATIONNAME = LX;
				TargetAttributes = {
					5C9510E41D6DD2FC009A6809 = {
						CreatedOnToolsVersion = 7.3.1;
					};
					5C9510FD1D6DD2FC009A6809 = {
						CreatedOnToolsVersion = 7.3.1;
						TestTargetID = 5C9510E41D6DD2FC009A6809;
					};
					5C9511081D6DD2FC009A6809 = {
						CreatedOnToolsVersion = 7.3.1;
						TestTargetID = 5C9510E41D6DD2FC009A6809;
					};
				};
			};
			buildConfigurationList = 5C9510E01D6DD2FC009A6809 /* Build configuration list for PBXProject "LXScrollerChildVC" */;
			compatibilityVersion = "Xcode 3.2";
			developmentRegion = English;
			hasScannedForEncodings = 0;
			knownRegions = (
				en,
				Base,
			);
			mainGroup = 5C9510DC1D6DD2FC009A6809;
			productRefGroup = 5C9510E61D6DD2FC009A6809 /* Products */;
			projectDirPath = "";
			projectRoot = "";
			targets = (
				5C9510E41D6DD2FC009A6809 /* LXScrollerChildVC */,
				5C9510FD1D6DD2FC009A6809 /* LXScrollerChildVCTests */,
				5C9511081D6DD2FC009A6809 /* LXScrollerChildVCUITests */,
			);
		};
/* End PBXProject section */

/* Begin PBXResourcesBuildPhase section */
		5C9510E31D6DD2FC009A6809 /* Resources */ = {
			isa = PBXResourcesBuildPhase;
			buildActionMask = 2147483647;
			files = (
				5C9510F81D6DD2FC009A6809 /* LaunchScreen.storyboard in Resources */,
				5C9510F51D6DD2FC009A6809 /* Assets.xcassets in Resources */,
			);
			runOnlyForDeploymentPostprocessing = 0;
		};
		5C9510FC1D6DD2FC009A6809 /* Resources */ = {
			isa = PBXResourcesBuildPhase;
			buildActionMask = 2147483647;
			files = (
			);
			runOnlyForDeploymentPostprocessing = 0;
		};
		5C9511071D6DD2FC009A6809 /* Resources */ = {
			isa = PBXResourcesBuildPhase;
			buildActionMask = 2147483647;
			files = (
			);
			runOnlyForDeploymentPostprocessing = 0;
		};
/* End PBXResourcesBuildPhase section */

/* Begin PBXSourcesBuildPhase section */
		5C9510E11D6DD2FC009A6809 /* Sources */ = {
			isa = PBXSourcesBuildPhase;
			buildActionMask = 2147483647;
			files = (
				5C9510ED1D6DD2FC009A6809 /* AppDelegate.m in Sources */,
				5C95112E1D6DD326009A6809 /* TwoDetailController.m in Sources */,
				5C9511291D6DD326009A6809 /* OneDetailController.m in Sources */,
				5C95112A1D6DD326009A6809 /* RootViewController.m in Sources */,
				5C95112D1D6DD326009A6809 /* UIView+Extension.m in Sources */,
				5C95112B1D6DD326009A6809 /* ChildBaseController.m in Sources */,
				5C95112C1D6DD326009A6809 /* ScrollerChildsController.m in Sources */,
				5C9510EA1D6DD2FC009A6809 /* main.m in Sources */,
			);
			runOnlyForDeploymentPostprocessing = 0;
		};
		5C9510FA1D6DD2FC009A6809 /* Sources */ = {
			isa = PBXSourcesBuildPhase;
			buildActionMask = 2147483647;
			files = (
				5C9511031D6DD2FC009A6809 /* LXScrollerChildVCTests.m in Sources */,
			);
			runOnlyForDeploymentPostprocessing = 0;
		};
		5C9511051D6DD2FC009A6809 /* Sources */ = {
			isa = PBXSourcesBuildPhase;
			buildActionMask = 2147483647;
			files = (
				5C95110E1D6DD2FC009A6809 /* LXScrollerChildVCUITests.m in Sources */,
			);
			runOnlyForDeploymentPostprocessing = 0;
		};
/* End PBXSourcesBuildPhase section */

/* Begin PBXTargetDependency section */
		5C9511001D6DD2FC009A6809 /* PBXTargetDependency */ = {
			isa = PBXTargetDependency;
			target = 5C9510E41D6DD2FC009A6809 /* LXScrollerChildVC */;
			targetProxy = 5C9510FF1D6DD2FC009A6809 /* PBXContainerItemProxy */;
		};
		5C95110B1D6DD2FC009A6809 /* PBXTargetDependency */ = {
			isa = PBXTargetDependency;
			target = 5C9510E41D6DD2FC009A6809 /* LXScrollerChildVC */;
			targetProxy = 5C95110A1D6DD2FC009A6809 /* PBXContainerItemProxy */;
		};
/* End PBXTargetDependency section */

/* Begin PBXVariantGroup section */
		5C9510F61D6DD2FC009A6809 /* LaunchScreen.storyboard */ = {
			isa = PBXVariantGroup;
			children = (
				5C9510F71D6DD2FC009A6809 /* Base */,
			);
			name = LaunchScreen.storyboard;
			sourceTree = "<group>";
		};
/* End PBXVariantGroup section */

/* Begin XCBuildConfiguration section */
		5C9511101D6DD2FC009A6809 /* Debug */ = {
			isa = XCBuildConfiguration;
			buildSettings = {
				ALWAYS_SEARCH_USER_PATHS = NO;
				CLANG_ANALYZER_NONNULL = YES;
				CLANG_CXX_LANGUAGE_STANDARD = "gnu++0x";
				CLANG_CXX_LIBRARY = "libc++";
				CLANG_ENABLE_MODULES = YES;
				CLANG_ENABLE_OBJC_ARC = YES;
				CLANG_WARN_BOOL_CONVERSION = YES;
				CLANG_WARN_CONSTANT_CONVERSION = YES;
				CLANG_WARN_DIRECT_OBJC_ISA_USAGE = YES_ERROR;
				CLANG_WARN_EMPTY_BODY = YES;
				CLANG_WARN_ENUM_CONVERSION = YES;
				CLANG_WARN_INT_CONVERSION = YES;
				CLANG_WARN_OBJC_ROOT_CLASS = YES_ERROR;
				CLANG_WARN_UNREACHABLE_CODE = YES;
				CLANG_WARN__DUPLICATE_METHOD_MATCH = YES;
				"CODE_SIGN_IDENTITY[sdk=iphoneos*]" = "iPhone Developer";
				COPY_PHASE_STRIP = NO;
				DEBUG_INFORMATION_FORMAT = dwarf;
				ENABLE_STRICT_OBJC_MSGSEND = YES;
				ENABLE_TESTABILITY = YES;
				GCC_C_LANGUAGE_STANDARD = gnu99;
				GCC_DYNAMIC_NO_PIC = NO;
				GCC_NO_COMMON_BLOCKS = YES;
				GCC_OPTIMIZATION_LEVEL = 0;
				GCC_PREPROCESSOR_DEFINITIONS = (
					"DEBUG=1",
					"$(inherited)",
				);
				GCC_WARN_64_TO_32_BIT_CONVERSION = YES;
				GCC_WARN_ABOUT_RETURN_TYPE = YES_ERROR;
				GCC_WARN_UNDECLARED_SELECTOR = YES;
				GCC_WARN_UNINITIALIZED_AUTOS = YES_AGGRESSIVE;
				GCC_WARN_UNUSED_FUNCTION = YES;
				GCC_WARN_UNUSED_VARIABLE = YES;
				IPHONEOS_DEPLOYMENT_TARGET = 9.3;
				MTL_ENABLE_DEBUG_INFO = YES;
				ONLY_ACTIVE_ARCH = YES;
				SDKROOT = iphoneos;
				TARGETED_DEVICE_FAMILY = "1,2";
			};
			name = Debug;
		};
		5C9511111D6DD2FC009A6809 /* Release */ = {
			isa = XCBuildConfiguration;
			buildSettings = {
				ALWAYS_SEARCH_USER_PATHS = NO;
				CLANG_ANALYZER_NONNULL = YES;
				CLANG_CXX_LANGUAGE_STANDARD = "gnu++0x";
				CLANG_CXX_LIBRARY = "libc++";
				CLANG_ENABLE_MODULES = YES;
				CLANG_ENABLE_OBJC_ARC = YES;
				CLANG_WARN_BOOL_CONVERSION = YES;
				CLANG_WARN_CONSTANT_CONVERSION = YES;
				CLANG_WARN_DIRECT_OBJC_ISA_USAGE = YES_ERROR;
				CLANG_WARN_EMPTY_BODY = YES;
				CLANG_WARN_ENUM_CONVERSION = YES;
				CLANG_WARN_INT_CONVERSION = YES;
				CLANG_WARN_OBJC_ROOT_CLASS = YES_ERROR;
				CLANG_WARN_UNREACHABLE_CODE = YES;
				CLANG_WARN__DUPLICATE_METHOD_MATCH = YES;
				"CODE_SIGN_IDENTITY[sdk=iphoneos*]" = "iPhone Developer";
				COPY_PHASE_STRIP = NO;
				DEBUG_INFORMATION_FORMAT = "dwarf-with-dsym";
				ENABLE_NS_ASSERTIONS = NO;
				ENABLE_STRICT_OBJC_MSGSEND = YES;
				GCC_C_LANGUAGE_STANDARD = gnu99;
				GCC_NO_COMMON_BLOCKS = YES;
				GCC_WARN_64_TO_32_BIT_CONVERSION = YES;
				GCC_WARN_ABOUT_RETURN_TYPE = YES_ERROR;
				GCC_WARN_UNDECLARED_SELECTOR = YES;
				GCC_WARN_UNINITIALIZED_AUTOS = YES_AGGRESSIVE;
				GCC_WARN_UNUSED_FUNCTION = YES;
				GCC_WARN_UNUSED_VARIABLE = YES;
				IPHONEOS_DEPLOYMENT_TARGET = 9.3;
				MTL_ENABLE_DEBUG_INFO = NO;
				SDKROOT = iphoneos;
				TARGETED_DEVICE_FAMILY = "1,2";
				VALIDATE_PRODUCT = YES;
			};
			name = Release;
		};
		5C9511131D6DD2FC009A6809 /* Debug */ = {
			isa = XCBuildConfiguration;
			buildSettings = {
				ASSETCATALOG_COMPILER_APPICON_NAME = AppIcon;
				INFOPLIST_FILE = LXScrollerChildVC/Info.plist;
				LD_RUNPATH_SEARCH_PATHS = "$(inherited) @executable_path/Frameworks";
				PRODUCT_BUNDLE_IDENTIFIER = com.lixu.LXScrollerChildVC;
				PRODUCT_NAME = "$(TARGET_NAME)";
			};
			name = Debug;
		};
		5C9511141D6DD2FC009A6809 /* Release */ = {
			isa = XCBuildConfiguration;
			buildSettings = {
				ASSETCATALOG_COMPILER_APPICON_NAME = AppIcon;
				INFOPLIST_FILE = LXScrollerChildVC/Info.plist;
				LD_RUNPATH_SEARCH_PATHS = "$(inherited) @executable_path/Frameworks";
				PRODUCT_BUNDLE_IDENTIFIER = com.lixu.LXScrollerChildVC;
				PRODUCT_NAME = "$(TARGET_NAME)";
			};
			name = Release;
		};
		5C9511161D6DD2FC009A6809 /* Debug */ = {
			isa = XCBuildConfiguration;
			buildSettings = {
				BUNDLE_LOADER = "$(TEST_HOST)";
				INFOPLIST_FILE = LXScrollerChildVCTests/Info.plist;
				LD_RUNPATH_SEARCH_PATHS = "$(inherited) @executable_path/Frameworks @loader_path/Frameworks";
				PRODUCT_BUNDLE_IDENTIFIER = com.lixu.LXScrollerChildVCTests;
				PRODUCT_NAME = "$(TARGET_NAME)";
				TEST_HOST = "$(BUILT_PRODUCTS_DIR)/LXScrollerChildVC.app/LXScrollerChildVC";
			};
			name = Debug;
		};
		5C9511171D6DD2FC009A6809 /* Release */ = {
			isa = XCBuildConfiguration;
			buildSettings = {
				BUNDLE_LOADER = "$(TEST_HOST)";
				INFOPLIST_FILE = LXScrollerChildVCTests/Info.plist;
				LD_RUNPATH_SEARCH_PATHS = "$(inherited) @executable_path/Frameworks @loader_path/Frameworks";
				PRODUCT_BUNDLE_IDENTIFIER = com.lixu.LXScrollerChildVCTests;
				PRODUCT_NAME = "$(TARGET_NAME)";
				TEST_HOST = "$(BUILT_PRODUCTS_DIR)/LXScrollerChildVC.app/LXScrollerChildVC";
			};
			name = Release;
		};
		5C9511191D6DD2FC009A6809 /* Debug */ = {
			isa = XCBuildConfiguration;
			buildSettings = {
				INFOPLIST_FILE = LXScrollerChildVCUITests/Info.plist;
				LD_RUNPATH_SEARCH_PATHS = "$(inherited) @executable_path/Frameworks @loader_path/Frameworks";
				PRODUCT_BUNDLE_IDENTIFIER = com.lixu.LXScrollerChildVCUITests;
				PRODUCT_NAME = "$(TARGET_NAME)";
				TEST_TARGET_NAME = LXScrollerChildVC;
			};
			name = Debug;
		};
		5C95111A1D6DD2FC009A6809 /* Release */ = {
			isa = XCBuildConfiguration;
			buildSettings = {
				INFOPLIST_FILE = LXScrollerChildVCUITests/Info.plist;
				LD_RUNPATH_SEARCH_PATHS = "$(inherited) @executable_path/Frameworks @loader_path/Frameworks";
				PRODUCT_BUNDLE_IDENTIFIER = com.lixu.LXScrollerChildVCUITests;
				PRODUCT_NAME = "$(TARGET_NAME)";
				TEST_TARGET_NAME = LXScrollerChildVC;
			};
			name = Release;
		};
/* End XCBuildConfiguration section */

/* Begin XCConfigurationList section */
		5C9510E01D6DD2FC009A6809 /* Build configuration list for PBXProject "LXScrollerChildVC" */ = {
			isa = XCConfigurationList;
			buildConfigurations = (
				5C9511101D6DD2FC009A6809 /* Debug */,
				5C9511111D6DD2FC009A6809 /* Release */,
			);
			defaultConfigurationIsVisible = 0;
			defaultConfigurationName = Release;
		};
		5C9511121D6DD2FC009A6809 /* Build configuration list for PBXNativeTarget "LXScrollerChildVC" */ = {
			isa = XCConfigurationList;
			buildConfigurations = (
				5C9511131D6DD2FC009A6809 /* Debug */,
				5C9511141D6DD2FC009A6809 /* Release */,
			);
			defaultConfigurationIsVisible = 0;
		};
		5C9511151D6DD2FC009A6809 /* Build configuration list for PBXNativeTarget "LXScrollerChildVCTests" */ = {
			isa = XCConfigurationList;
			buildConfigurations = (
				5C9511161D6DD2FC009A6809 /* Debug */,
				5C9511171D6DD2FC009A6809 /* Release */,
			);
			defaultConfigurationIsVisible = 0;
		};
		5C9511181D6DD2FC009A6809 /* Build configuration list for PBXNativeTarget "LXScrollerChildVCUITests" */ = {
			isa = XCConfigurationList;
			buildConfigurations = (
				5C9511191D6DD2FC009A6809 /* Debug */,
				5C95111A1D6DD2FC009A6809 /* Release */,
			);
			defaultConfigurationIsVisible = 0;
		};
/* End XCConfigurationList section */
	};
	rootObject = 5C9510DD1D6DD2FC009A6809 /* Project object */;
}
